// !$*UTF8*$!
{
	archiveVersion = 1;
	classes = {
	};
	objectVersion = 56;
	objects = {

/* Begin PBXBuildFile section */
		F2B3D5B72A94F27D0080FDB2 /* AppDelegate.swift in Sources */ = {isa = PBXBuildFile; fileRef = F2B3D5B62A94F27D0080FDB2 /* AppDelegate.swift */; };
		F2B3D5B92A94F27D0080FDB2 /* SceneDelegate.swift in Sources */ = {isa = PBXBuildFile; fileRef = F2B3D5B82A94F27D0080FDB2 /* SceneDelegate.swift */; };
		F2B3D5BB2A94F27D0080FDB2 /* ViewController.swift in Sources */ = {isa = PBXBuildFile; fileRef = F2B3D5BA2A94F27D0080FDB2 /* ViewController.swift */; };
		F2B3D5BE2A94F27D0080FDB2 /* Main.storyboard in Resources */ = {isa = PBXBuildFile; fileRef = F2B3D5BC2A94F27D0080FDB2 /* Main.storyboard */; };
		F2B3D5C02A94F27E0080FDB2 /* Assets.xcassets in Resources */ = {isa = PBXBuildFile; fileRef = F2B3D5BF2A94F27E0080FDB2 /* Assets.xcassets */; };
		F2B3D5C32A94F27E0080FDB2 /* LaunchScreen.storyboard in Resources */ = {isa = PBXBuildFile; fileRef = F2B3D5C12A94F27E0080FDB2 /* LaunchScreen.storyboard */; };
		F2B3D5CE2A94F27E0080FDB2 /* PreworkTests.swift in Sources */ = {isa = PBXBuildFile; fileRef = F2B3D5CD2A94F27E0080FDB2 /* PreworkTests.swift */; };
		F2B3D5D82A94F27E0080FDB2 /* PreworkUITests.swift in Sources */ = {isa = PBXBuildFile; fileRef = F2B3D5D72A94F27E0080FDB2 /* PreworkUITests.swift */; };
		F2B3D5DA2A94F27E0080FDB2 /* PreworkUITestsLaunchTests.swift in Sources */ = {isa = PBXBuildFile; fileRef = F2B3D5D92A94F27E0080FDB2 /* PreworkUITestsLaunchTests.swift */; };
/* End PBXBuildFile section */

/* Begin PBXContainerItemProxy section */
		F2B3D5CA2A94F27E0080FDB2 /* PBXContainerItemProxy */ = {
			isa = PBXContainerItemProxy;
			containerPortal = F2B3D5AB2A94F27D0080FDB2 /* Project object */;
			proxyType = 1;
			remoteGlobalIDString = F2B3D5B22A94F27D0080FDB2;
			remoteInfo = Prework;
		};
		F2B3D5D42A94F27E0080FDB2 /* PBXContainerItemProxy */ = {
			isa = PBXContainerItemProxy;
			containerPortal = F2B3D5AB2A94F27D0080FDB2 /* Project object */;
			proxyType = 1;
			remoteGlobalIDString = F2B3D5B22A94F27D0080FDB2;
			remoteInfo = Prework;
		};
/* End PBXContainerItemProxy section */

/* Begin PBXFileReference section */
		F2B3D5B32A94F27D0080FDB2 /* Prework.app */ = {isa = PBXFileReference; explicitFileType = wrapper.application; includeInIndex = 0; path = Prework.app; sourceTree = BUILT_PRODUCTS_DIR; };
		F2B3D5B62A94F27D0080FDB2 /* AppDelegate.swift */ = {isa = PBXFileReference; lastKnownFileType = sourcecode.swift; path = AppDelegate.swift; sourceTree = "<group>"; };
		F2B3D5B82A94F27D0080FDB2 /* SceneDelegate.swift */ = {isa = PBXFileReference; lastKnownFileType = sourcecode.swift; path = SceneDelegate.swift; sourceTree = "<group>"; };
		F2B3D5BA2A94F27D0080FDB2 /* ViewController.swift */ = {isa = PBXFileReference; lastKnownFileType = sourcecode.swift; path = ViewController.swift; sourceTree = "<group>"; };
		F2B3D5BD2A94F27D0080FDB2 /* Base */ = {isa = PBXFileReference; lastKnownFileType = file.storyboard; name = Base; path = Base.lproj/Main.storyboard; sourceTree = "<group>"; };
		F2B3D5BF2A94F27E0080FDB2 /* Assets.xcassets */ = {isa = PBXFileReference; lastKnownFileType = folder.assetcatalog; path = Assets.xcassets; sourceTree = "<group>"; };
		F2B3D5C22A94F27E0080FDB2 /* Base */ = {isa = PBXFileReference; lastKnownFileType = file.storyboard; name = Base; path = Base.lproj/LaunchScreen.storyboard; sourceTree = "<group>"; };
		F2B3D5C42A94F27E0080FDB2 /* Info.plist */ = {isa = PBXFileReference; lastKnownFileType = text.plist.xml; path = Info.plist; sourceTree = "<group>"; };
		F2B3D5C92A94F27E0080FDB2 /* PreworkTests.xctest */ = {isa = PBXFileReference; explicitFileType = wrapper.cfbundle; includeInIndex = 0; path = PreworkTests.xctest; sourceTree = BUILT_PRODUCTS_DIR; };
		F2B3D5CD2A94F27E0080FDB2 /* PreworkTests.swift */ = {isa = PBXFileReference; lastKnownFileType = sourcecode.swift; path = PreworkTests.swift; sourceTree = "<group>"; };
		F2B3D5D32A94F27E0080FDB2 /* PreworkUITests.xctest */ = {isa = PBXFileReference; explicitFileType = wrapper.cfbundle; includeInIndex = 0; path = PreworkUITests.xctest; sourceTree = BUILT_PRODUCTS_DIR; };
		F2B3D5D72A94F27E0080FDB2 /* PreworkUITests.swift */ = {isa = PBXFileReference; lastKnownFileType = sourcecode.swift; path = PreworkUITests.swift; sourceTree = "<group>"; };
		F2B3D5D92A94F27E0080FDB2 /* PreworkUITestsLaunchTests.swift */ = {isa = PBXFileReference; lastKnownFileType = sourcecode.swift; path = PreworkUITestsLaunchTests.swift; sourceTree = "<group>"; };
/* End PBXFileReference section */

/* Begin PBXFrameworksBuildPhase section */
		F2B3D5B02A94F27D0080FDB2 /* Frameworks */ = {
			isa = PBXFrameworksBuildPhase;
			buildActionMask = 2147483647;
			files = (
			);
			runOnlyForDeploymentPostprocessing = 0;
		};
		F2B3D5C62A94F27E0080FDB2 /* Frameworks */ = {
			isa = PBXFrameworksBuildPhase;
			buildActionMask = 2147483647;
			files = (
			);
			runOnlyForDeploymentPostprocessing = 0;
		};
		F2B3D5D02A94F27E0080FDB2 /* Frameworks */ = {
			isa = PBXFrameworksBuildPhase;
			buildActionMask = 2147483647;
			files = (
			);
			runOnlyForDeploymentPostprocessing = 0;
		};
/* End PBXFrameworksBuildPhase section */

/* Begin PBXGroup section */
		F2B3D5AA2A94F27D0080FDB2 = {
			isa = PBXGroup;
			children = (
				F2B3D5B52A94F27D0080FDB2 /* Prework */,
				F2B3D5CC2A94F27E0080FDB2 /* PreworkTests */,
				F2B3D5D62A94F27E0080FDB2 /* PreworkUITests */,
				F2B3D5B42A94F27D0080FDB2 /* Products */,
			);
			sourceTree = "<group>";
		};
		F2B3D5B42A94F27D0080FDB2 /* Products */ = {
			isa = PBXGroup;
			children = (
				F2B3D5B32A94F27D0080FDB2 /* Prework.app */,
				F2B3D5C92A94F27E0080FDB2 /* PreworkTests.xctest */,
				F2B3D5D32A94F27E0080FDB2 /* PreworkUITests.xctest */,
			);
			name = Products;
			sourceTree = "<group>";
		};
		F2B3D5B52A94F27D0080FDB2 /* Prework */ = {
			isa = PBXGroup;
			children = (
				F2B3D5B62A94F27D0080FDB2 /* AppDelegate.swift */,
				F2B3D5B82A94F27D0080FDB2 /* SceneDelegate.swift */,
				F2B3D5BA2A94F27D0080FDB2 /* ViewController.swift */,
				F2B3D5BC2A94F27D0080FDB2 /* Main.storyboard */,
				F2B3D5BF2A94F27E0080FDB2 /* Assets.xcassets */,
				F2B3D5C12A94F27E0080FDB2 /* LaunchScreen.storyboard */,
				F2B3D5C42A94F27E0080FDB2 /* Info.plist */,
			);
			path = Prework;
			sourceTree = "<group>";
		};
		F2B3D5CC2A94F27E0080FDB2 /* PreworkTests */ = {
			isa = PBXGroup;
			children = (
				F2B3D5CD2A94F27E0080FDB2 /* PreworkTests.swift */,
			);
			path = PreworkTests;
			sourceTree = "<group>";
		};
		F2B3D5D62A94F27E0080FDB2 /* PreworkUITests */ = {
			isa = PBXGroup;
			children = (
				F2B3D5D72A94F27E0080FDB2 /* PreworkUITests.swift */,
				F2B3D5D92A94F27E0080FDB2 /* PreworkUITestsLaunchTests.swift */,
			);
			path = PreworkUITests;
			sourceTree = "<group>";
		};
/* End PBXGroup section */

/* Begin PBXNativeTarget section */
		F2B3D5B22A94F27D0080FDB2 /* Prework */ = {
			isa = PBXNativeTarget;
			buildConfigurationList = F2B3D5DD2A94F27E0080FDB2 /* Build configuration list for PBXNativeTarget "Prework" */;
			buildPhases = (
				F2B3D5AF2A94F27D0080FDB2 /* Sources */,
				F2B3D5B02A94F27D0080FDB2 /* Frameworks */,
				F2B3D5B12A94F27D0080FDB2 /* Resources */,
			);
			buildRules = (
			);
			dependencies = (
			);
			name = Prework;
			productName = Prework;
			productReference = F2B3D5B32A94F27D0080FDB2 /* Prework.app */;
			productType = "com.apple.product-type.application";
		};
		F2B3D5C82A94F27E0080FDB2 /* PreworkTests */ = {
			isa = PBXNativeTarget;
			buildConfigurationList = F2B3D5E02A94F27E0080FDB2 /* Build configuration list for PBXNativeTarget "PreworkTests" */;
			buildPhases = (
				F2B3D5C52A94F27E0080FDB2 /* Sources */,
				F2B3D5C62A94F27E0080FDB2 /* Frameworks */,
				F2B3D5C72A94F27E0080FDB2 /* Resources */,
			);
			buildRules = (
			);
			dependencies = (
				F2B3D5CB2A94F27E0080FDB2 /* PBXTargetDependency */,
			);
			name = PreworkTests;
			productName = PreworkTests;
			productReference = F2B3D5C92A94F27E0080FDB2 /* PreworkTests.xctest */;
			productType = "com.apple.product-type.bundle.unit-test";
		};
		F2B3D5D22A94F27E0080FDB2 /* PreworkUITests */ = {
			isa = PBXNativeTarget;
			buildConfigurationList = F2B3D5E32A94F27E0080FDB2 /* Build configuration list for PBXNativeTarget "PreworkUITests" */;
			buildPhases = (
				F2B3D5CF2A94F27E0080FDB2 /* Sources */,
				F2B3D5D02A94F27E0080FDB2 /* Frameworks */,
				F2B3D5D12A94F27E0080FDB2 /* Resources */,
			);
			buildRules = (
			);
			dependencies = (
				F2B3D5D52A94F27E0080FDB2 /* PBXTargetDependency */,
			);
			name = PreworkUITests;
			productName = PreworkUITests;
			productReference = F2B3D5D32A94F27E0080FDB2 /* PreworkUITests.xctest */;
			productType = "com.apple.product-type.bundle.ui-testing";
		};
/* End PBXNativeTarget section */

/* Begin PBXProject section */
		F2B3D5AB2A94F27D0080FDB2 /* Project object */ = {
			isa = PBXProject;
			attributes = {
				BuildIndependentTargetsInParallel = 1;
				LastSwiftUpdateCheck = 1500;
				LastUpgradeCheck = 1500;
				TargetAttributes = {
					F2B3D5B22A94F27D0080FDB2 = {
						CreatedOnToolsVersion = 15.0;
					};
					F2B3D5C82A94F27E0080FDB2 = {
						CreatedOnToolsVersion = 15.0;
						TestTargetID = F2B3D5B22A94F27D0080FDB2;
					};
					F2B3D5D22A94F27E0080FDB2 = {
						CreatedOnToolsVersion = 15.0;
						TestTargetID = F2B3D5B22A94F27D0080FDB2;
					};
				};
			};
			buildConfigurationList = F2B3D5AE2A94F27D0080FDB2 /* Build configuration list for PBXProject "Prework" */;
			compatibilityVersion = "Xcode 14.0";
			developmentRegion = en;
			hasScannedForEncodings = 0;
			knownRegions = (
				en,
				Base,
			);
			mainGroup = F2B3D5AA2A94F27D0080FDB2;
			productRefGroup = F2B3D5B42A94F27D0080FDB2 /* Products */;
			projectDirPath = "";
			projectRoot = "";
			targets = (
				F2B3D5B22A94F27D0080FDB2 /* Prework */,
				F2B3D5C82A94F27E0080FDB2 /* PreworkTests */,
				F2B3D5D22A94F27E0080FDB2 /* PreworkUITests */,
			);
		};
/* End PBXProject section */

/* Begin PBXResourcesBuildPhase section */
		F2B3D5B12A94F27D0080FDB2 /* Resources */ = {
			isa = PBXResourcesBuildPhase;
			buildActionMask = 2147483647;
			files = (
				F2B3D5C32A94F27E0080FDB2 /* LaunchScreen.storyboard in Resources */,
				F2B3D5C02A94F27E0080FDB2 /* Assets.xcassets in Resources */,
				F2B3D5BE2A94F27D0080FDB2 /* Main.storyboard in Resources */,
			);
			runOnlyForDeploymentPostprocessing = 0;
		};
		F2B3D5C72A94F27E0080FDB2 /* Resources */ = {
			isa = PBXResourcesBuildPhase;
			buildActionMask = 2147483647;
			files = (
			);
			runOnlyForDeploymentPostprocessing = 0;
		};
		F2B3D5D12A94F27E0080FDB2 /* Resources */ = {
			isa = PBXResourcesBuildPhase;
			buildActionMask = 2147483647;
			files = (
			);
			runOnlyForDeploymentPostprocessing = 0;
		};
/* End PBXResourcesBuildPhase section */

/* Begin PBXSourcesBuildPhase section */
		F2B3D5AF2A94F27D0080FDB2 /* Sources */ = {
			isa = PBXSourcesBuildPhase;
			buildActionMask = 2147483647;
			files = (
				F2B3D5BB2A94F27D0080FDB2 /* ViewController.swift in Sources */,
				F2B3D5B72A94F27D0080FDB2 /* AppDelegate.swift in Sources */,
				F2B3D5B92A94F27D0080FDB2 /* SceneDelegate.swift in Sources */,
			);
			runOnlyForDeploymentPostprocessing = 0;
		};
		F2B3D5C52A94F27E0080FDB2 /* Sources */ = {
			isa = PBXSourcesBuildPhase;
			buildActionMask = 2147483647;
			files = (
				F2B3D5CE2A94F27E0080FDB2 /* PreworkTests.swift in Sources */,
			);
			runOnlyForDeploymentPostprocessing = 0;
		};
		F2B3D5CF2A94F27E0080FDB2 /* Sources */ = {
			isa = PBXSourcesBuildPhase;
			buildActionMask = 2147483647;
			files = (
				F2B3D5D82A94F27E0080FDB2 /* PreworkUITests.swift in Sources */,
				F2B3D5DA2A94F27E0080FDB2 /* PreworkUITestsLaunchTests.swift in Sources */,
			);
			runOnlyForDeploymentPostprocessing = 0;
		};
/* End PBXSourcesBuildPhase section */

/* Begin PBXTargetDependency section */
		F2B3D5CB2A94F27E0080FDB2 /* PBXTargetDependency */ = {
			isa = PBXTargetDependency;
			target = F2B3D5B22A94F27D0080FDB2 /* Prework */;
			targetProxy = F2B3D5CA2A94F27E0080FDB2 /* PBXContainerItemProxy */;
		};
		F2B3D5D52A94F27E0080FDB2 /* PBXTargetDependency */ = {
			isa = PBXTargetDependency;
			target = F2B3D5B22A94F27D0080FDB2 /* Prework */;
			targetProxy = F2B3D5D42A94F27E0080FDB2 /* PBXContainerItemProxy */;
		};
/* End PBXTargetDependency section */

/* Begin PBXVariantGroup section */
		F2B3D5BC2A94F27D0080FDB2 /* Main.storyboard */ = {
			isa = PBXVariantGroup;
			children = (
				F2B3D5BD2A94F27D0080FDB2 /* Base */,
			);
			name = Main.storyboard;
			sourceTree = "<group>";
		};
		F2B3D5C12A94F27E0080FDB2 /* LaunchScreen.storyboard */ = {
			isa = PBXVariantGroup;
			children = (
				F2B3D5C22A94F27E0080FDB2 /* Base */,
			);
			name = LaunchScreen.storyboard;
			sourceTree = "<group>";
		};
/* End PBXVariantGroup section */

/* Begin XCBuildConfiguration section */
		F2B3D5DB2A94F27E0080FDB2 /* Debug */ = {
			isa = XCBuildConfiguration;
			buildSettings = {
				ALWAYS_SEARCH_USER_PATHS = NO;
				ASSETCATALOG_COMPILER_GENERATE_SWIFT_ASSET_SYMBOL_EXTENSIONS = YES;
				CLANG_ANALYZER_NONNULL = YES;
				CLANG_ANALYZER_NUMBER_OBJECT_CONVERSION = YES_AGGRESSIVE;
				CLANG_CXX_LANGUAGE_STANDARD = "gnu++20";
				CLANG_ENABLE_MODULES = YES;
				CLANG_ENABLE_OBJC_ARC = YES;
				CLANG_ENABLE_OBJC_WEAK = YES;
				CLANG_WARN_BLOCK_CAPTURE_AUTORELEASING = YES;
				CLANG_WARN_BOOL_CONVERSION = YES;
				CLANG_WARN_COMMA = YES;
				CLANG_WARN_CONSTANT_CONVERSION = YES;
				CLANG_WARN_DEPRECATED_OBJC_IMPLEMENTATIONS = YES;
				CLANG_WARN_DIRECT_OBJC_ISA_USAGE = YES_ERROR;
				CLANG_WARN_DOCUMENTATION_COMMENTS = YES;
				CLANG_WARN_EMPTY_BODY = YES;
				CLANG_WARN_ENUM_CONVERSION = YES;
				CLANG_WARN_INFINITE_RECURSION = YES;
				CLANG_WARN_INT_CONVERSION = YES;
				CLANG_WARN_NON_LITERAL_NULL_CONVERSION = YES;
				CLANG_WARN_OBJC_IMPLICIT_RETAIN_SELF = YES;
				CLANG_WARN_OBJC_LITERAL_CONVERSION = YES;
				CLANG_WARN_OBJC_ROOT_CLASS = YES_ERROR;
				CLANG_WARN_QUOTED_INCLUDE_IN_FRAMEWORK_HEADER = YES;
				CLANG_WARN_RANGE_LOOP_ANALYSIS = YES;
				CLANG_WARN_STRICT_PROTOTYPES = YES;
				CLANG_WARN_SUSPICIOUS_MOVE = YES;
				CLANG_WARN_UNGUARDED_AVAILABILITY = YES_AGGRESSIVE;
				CLANG_WARN_UNREACHABLE_CODE = YES;
				CLANG_WARN__DUPLICATE_METHOD_MATCH = YES;
				COPY_PHASE_STRIP = NO;
				DEBUG_INFORMATION_FORMAT = dwarf;
				ENABLE_STRICT_OBJC_MSGSEND = YES;
				ENABLE_TESTABILITY = YES;
				ENABLE_USER_SCRIPT_SANDBOXING = YES;
				GCC_C_LANGUAGE_STANDARD = gnu17;
				GCC_DYNAMIC_NO_PIC = NO;
				GCC_NO_COMMON_BLOCKS = YES;
				GCC_OPTIMIZATION_LEVEL = 0;
				GCC_PREPROCESSOR_DEFINITIONS = (
					"DEBUG=1",
					"$(inherited)",
				);
				GCC_WARN_64_TO_32_BIT_CONVERSION = YES;
				GCC_WARN_ABOUT_RETURN_TYPE = YES_ERROR;
				GCC_WARN_UNDECLARED_SELECTOR = YES;
				GCC_WARN_UNINITIALIZED_AUTOS = YES_AGGRESSIVE;
				GCC_WARN_UNUSED_FUNCTION = YES;
				GCC_WARN_UNUSED_VARIABLE = YES;
				IPHONEOS_DEPLOYMENT_TARGET = 17.0;
				LOCALIZATION_PREFERS_STRING_CATALOGS = YES;
				MTL_ENABLE_DEBUG_INFO = INCLUDE_SOURCE;
				MTL_FAST_MATH = YES;
				ONLY_ACTIVE_ARCH = YES;
				SDKROOT = iphoneos;
				SWIFT_ACTIVE_COMPILATION_CONDITIONS = "DEBUG $(inherited)";
				SWIFT_OPTIMIZATION_LEVEL = "-Onone";
			};
			name = Debug;
		};
		F2B3D5DC2A94F27E0080FDB2 /* Release */ = {
			isa = XCBuildConfiguration;
			buildSettings = {
				ALWAYS_SEARCH_USER_PATHS = NO;
				ASSETCATALOG_COMPILER_GENERATE_SWIFT_ASSET_SYMBOL_EXTENSIONS = YES;
				CLANG_ANALYZER_NONNULL = YES;
				CLANG_ANALYZER_NUMBER_OBJECT_CONVERSION = YES_AGGRESSIVE;
				CLANG_CXX_LANGUAGE_STANDARD = "gnu++20";
				CLANG_ENABLE_MODULES = YES;
				CLANG_ENABLE_OBJC_ARC = YES;
				CLANG_ENABLE_OBJC_WEAK = YES;
				CLANG_WARN_BLOCK_CAPTURE_AUTORELEASING = YES;
				CLANG_WARN_BOOL_CONVERSION = YES;
				CLANG_WARN_COMMA = YES;
				CLANG_WARN_CONSTANT_CONVERSION = YES;
				CLANG_WARN_DEPRECATED_OBJC_IMPLEMENTATIONS = YES;
				CLANG_WARN_DIRECT_OBJC_ISA_USAGE = YES_ERROR;
				CLANG_WARN_DOCUMENTATION_COMMENTS = YES;
				CLANG_WARN_EMPTY_BODY = YES;
				CLANG_WARN_ENUM_CONVERSION = YES;
				CLANG_WARN_INFINITE_RECURSION = YES;
				CLANG_WARN_INT_CONVERSION = YES;
				CLANG_WARN_NON_LITERAL_NULL_CONVERSION = YES;
				CLANG_WARN_OBJC_IMPLICIT_RETAIN_SELF = YES;
				CLANG_WARN_OBJC_LITERAL_CONVERSION = YES;
				CLANG_WARN_OBJC_ROOT_CLASS = YES_ERROR;
				CLANG_WARN_QUOTED_INCLUDE_IN_FRAMEWORK_HEADER = YES;
				CLANG_WARN_RANGE_LOOP_ANALYSIS = YES;
				CLANG_WARN_STRICT_PROTOTYPES = YES;
				CLANG_WARN_SUSPICIOUS_MOVE = YES;
				CLANG_WARN_UNGUARDED_AVAILABILITY = YES_AGGRESSIVE;
				CLANG_WARN_UNREACHABLE_CODE = YES;
				CLANG_WARN__DUPLICATE_METHOD_MATCH = YES;
				COPY_PHASE_STRIP = NO;
				DEBUG_INFORMATION_FORMAT = "dwarf-with-dsym";
				ENABLE_NS_ASSERTIONS = NO;
				ENABLE_STRICT_OBJC_MSGSEND = YES;
				ENABLE_USER_SCRIPT_SANDBOXING = YES;
				GCC_C_LANGUAGE_STANDARD = gnu17;
				GCC_NO_COMMON_BLOCKS = YES;
				GCC_WARN_64_TO_32_BIT_CONVERSION = YES;
				GCC_WARN_ABOUT_RETURN_TYPE = YES_ERROR;
				GCC_WARN_UNDECLARED_SELECTOR = YES;
				GCC_WARN_UNINITIALIZED_AUTOS = YES_AGGRESSIVE;
				GCC_WARN_UNUSED_FUNCTION = YES;
				GCC_WARN_UNUSED_VARIABLE = YES;
				IPHONEOS_DEPLOYMENT_TARGET = 17.0;
				LOCALIZATION_PREFERS_STRING_CATALOGS = YES;
				MTL_ENABLE_DEBUG_INFO = NO;
				MTL_FAST_MATH = YES;
				SDKROOT = iphoneos;
				SWIFT_COMPILATION_MODE = wholemodule;
				VALIDATE_PRODUCT = YES;
			};
			name = Release;
		};
		F2B3D5DE2A94F27E0080FDB2 /* Debug */ = {
			isa = XCBuildConfiguration;
			buildSettings = {
				ASSETCATALOG_COMPILER_APPICON_NAME = AppIcon;
				ASSETCATALOG_COMPILER_GLOBAL_ACCENT_COLOR_NAME = AccentColor;
				CODE_SIGN_STYLE = Automatic;
				CURRENT_PROJECT_VERSION = 1;
				DEVELOPMENT_TEAM = 25FTLXXJD3;
				GENERATE_INFOPLIST_FILE = YES;
				INFOPLIST_FILE = Prework/Info.plist;
				INFOPLIST_KEY_UIApplicationSupportsIndirectInputEvents = YES;
				INFOPLIST_KEY_UILaunchStoryboardName = LaunchScreen;
				INFOPLIST_KEY_UIMainStoryboardFile = Main;
				INFOPLIST_KEY_UISupportedInterfaceOrientations_iPad = "UIInterfaceOrientationPortrait UIInterfaceOrientationPortraitUpsideDown UIInterfaceOrientationLandscapeLeft UIInterfaceOrientationLandscapeRight";
				INFOPLIST_KEY_UISupportedInterfaceOrientations_iPhone = "UIInterfaceOrientationPortrait UIInterfaceOrientationLandscapeLeft UIInterfaceOrientationLandscapeRight";
				LD_RUNPATH_SEARCH_PATHS = (
					"$(inherited)",
					"@executable_path/Frameworks",
				);
				MARKETING_VERSION = 1.0;
				PRODUCT_BUNDLE_IDENTIFIER = Me.Prework;
				PRODUCT_NAME = "$(TARGET_NAME)";
				SWIFT_EMIT_LOC_STRINGS = YES;
				SWIFT_VERSION = 5.0;
				TARGETED_DEVICE_FAMILY = "1,2";
			};
			name = Debug;
		};
		F2B3D5DF2A94F27E0080FDB2 /* Release */ = {
			isa = XCBuildConfiguration;
			buildSettings = {
				ASSETCATALOG_COMPILER_APPICON_NAME = AppIcon;
				ASSETCATALOG_COMPILER_GLOBAL_ACCENT_COLOR_NAME = AccentColor;
				CODE_SIGN_STYLE = Automatic;
				CURRENT_PROJECT_VERSION = 1;
				DEVELOPMENT_TEAM = 25FTLXXJD3;
				GENERATE_INFOPLIST_FILE = YES;
				INFOPLIST_FILE = Prework/Info.plist;
				INFOPLIST_KEY_UIApplicationSupportsIndirectInputEvents = YES;
				INFOPLIST_KEY_UILaunchStoryboardName = LaunchScreen;
				INFOPLIST_KEY_UIMainStoryboardFile = Main;
				INFOPLIST_KEY_UISupportedInterfaceOrientations_iPad = "UIInterfaceOrientationPortrait UIInterfaceOrientationPortraitUpsideDown UIInterfaceOrientationLandscapeLeft UIInterfaceOrientationLandscapeRight";
				INFOPLIST_KEY_UISupportedInterfaceOrientations_iPhone = "UIInterfaceOrientationPortrait UIInterfaceOrientationLandscapeLeft UIInterfaceOrientationLandscapeRight";
				LD_RUNPATH_SEARCH_PATHS = (
					"$(inherited)",
					"@executable_path/Frameworks",
				);
				MARKETING_VERSION = 1.0;
				PRODUCT_BUNDLE_IDENTIFIER = Me.Prework;
				PRODUCT_NAME = "$(TARGET_NAME)";
				SWIFT_EMIT_LOC_STRINGS = YES;
				SWIFT_VERSION = 5.0;
				TARGETED_DEVICE_FAMILY = "1,2";
			};
			name = Release;
		};
		F2B3D5E12A94F27E0080FDB2 /* Debug */ = {
			isa = XCBuildConfiguration;
			buildSettings = {
				ALWAYS_EMBED_SWIFT_STANDARD_LIBRARIES = YES;
				BUNDLE_LOADER = "$(TEST_HOST)";
				CODE_SIGN_STYLE = Automatic;
				CURRENT_PROJECT_VERSION = 1;
				DEVELOPMENT_TEAM = 25FTLXXJD3;
				GENERATE_INFOPLIST_FILE = YES;
				IPHONEOS_DEPLOYMENT_TARGET = 17.0;
				MARKETING_VERSION = 1.0;
				PRODUCT_BUNDLE_IDENTIFIER = Me.PreworkTests;
				PRODUCT_NAME = "$(TARGET_NAME)";
				SWIFT_EMIT_LOC_STRINGS = NO;
				SWIFT_VERSION = 5.0;
				TARGETED_DEVICE_FAMILY = "1,2";
				TEST_HOST = "$(BUILT_PRODUCTS_DIR)/Prework.app/$(BUNDLE_EXECUTABLE_FOLDER_PATH)/Prework";
			};
			name = Debug;
		};
		F2B3D5E22A94F27E0080FDB2 /* Release */ = {
			isa = XCBuildConfiguration;
			buildSettings = {
				ALWAYS_EMBED_SWIFT_STANDARD_LIBRARIES = YES;
				BUNDLE_LOADER = "$(TEST_HOST)";
				CODE_SIGN_STYLE = Automatic;
				CURRENT_PROJECT_VERSION = 1;
				DEVELOPMENT_TEAM = 25FTLXXJD3;
				GENERATE_INFOPLIST_FILE = YES;
				IPHONEOS_DEPLOYMENT_TARGET = 17.0;
				MARKETING_VERSION = 1.0;
				PRODUCT_BUNDLE_IDENTIFIER = Me.PreworkTests;
				PRODUCT_NAME = "$(TARGET_NAME)";
				SWIFT_EMIT_LOC_STRINGS = NO;
				SWIFT_VERSION = 5.0;
				TARGETED_DEVICE_FAMILY = "1,2";
				TEST_HOST = "$(BUILT_PRODUCTS_DIR)/Prework.app/$(BUNDLE_EXECUTABLE_FOLDER_PATH)/Prework";
			};
			name = Release;
		};
		F2B3D5E42A94F27E0080FDB2 /* Debug */ = {
			isa = XCBuildConfiguration;
			buildSettings = {
				ALWAYS_EMBED_SWIFT_STANDARD_LIBRARIES = YES;
				CODE_SIGN_STYLE = Automatic;
				CURRENT_PROJECT_VERSION = 1;
				DEVELOPMENT_TEAM = 25FTLXXJD3;
				GENERATE_INFOPLIST_FILE = YES;
				MARKETING_VERSION = 1.0;
				PRODUCT_BUNDLE_IDENTIFIER = Me.PreworkUITests;
				PRODUCT_NAME = "$(TARGET_NAME)";
				SWIFT_EMIT_LOC_STRINGS = NO;
				SWIFT_VERSION = 5.0;
				TARGETED_DEVICE_FAMILY = "1,2";
				TEST_TARGET_NAME = Prework;
			};
			name = Debug;
		};
		F2B3D5E52A94F27E0080FDB2 /* Release */ = {
			isa = XCBuildConfiguration;
			buildSettings = {
				ALWAYS_EMBED_SWIFT_STANDARD_LIBRARIES = YES;
				CODE_SIGN_STYLE = Automatic;
				CURRENT_PROJECT_VERSION = 1;
				DEVELOPMENT_TEAM = 25FTLXXJD3;
				GENERATE_INFOPLIST_FILE = YES;
				MARKETING_VERSION = 1.0;
				PRODUCT_BUNDLE_IDENTIFIER = Me.PreworkUITests;
				PRODUCT_NAME = "$(TARGET_NAME)";
				SWIFT_EMIT_LOC_STRINGS = NO;
				SWIFT_VERSION = 5.0;
				TARGETED_DEVICE_FAMILY = "1,2";
				TEST_TARGET_NAME = Prework;
			};
			name = Release;
		};
/* End XCBuildConfiguration section */

/* Begin XCConfigurationList section */
		F2B3D5AE2A94F27D0080FDB2 /* Build configuration list for PBXProject "Prework" */ = {
			isa = XCConfigurationList;
			buildConfigurations = (
				F2B3D5DB2A94F27E0080FDB2 /* Debug */,
				F2B3D5DC2A94F27E0080FDB2 /* Release */,
			);
			defaultConfigurationIsVisible = 0;
			defaultConfigurationName = Release;
		};
		F2B3D5DD2A94F27E0080FDB2 /* Build configuration list for PBXNativeTarget "Prework" */ = {
			isa = XCConfigurationList;
			buildConfigurations = (
				F2B3D5DE2A94F27E0080FDB2 /* Debug */,
				F2B3D5DF2A94F27E0080FDB2 /* Release */,
			);
			defaultConfigurationIsVisible = 0;
			defaultConfigurationName = Release;
		};
		F2B3D5E02A94F27E0080FDB2 /* Build configuration list for PBXNativeTarget "PreworkTests" */ = {
			isa = XCConfigurationList;
			buildConfigurations = (
				F2B3D5E12A94F27E0080FDB2 /* Debug */,
				F2B3D5E22A94F27E0080FDB2 /* Release */,
			);
			defaultConfigurationIsVisible = 0;
			defaultConfigurationName = Release;
		};
		F2B3D5E32A94F27E0080FDB2 /* Build configuration list for PBXNativeTarget "PreworkUITests" */ = {
			isa = XCConfigurationList;
			buildConfigurations = (
				F2B3D5E42A94F27E0080FDB2 /* Debug */,
				F2B3D5E52A94F27E0080FDB2 /* Release */,
			);
			defaultConfigurationIsVisible = 0;
			defaultConfigurationName = Release;
		};
/* End XCConfigurationList section */
	};
	rootObject = F2B3D5AB2A94F27D0080FDB2 /* Project object */;
}
